
Microsoft Visual Studio Solution File, Format Version 12.00
# Visual Studio Version 16
VisualStudioVersion = 16.0.31321.278
MinimumVisualStudioVersion = 10.0.40219.1
Project("{9092AA53-FB77-4645-B42D-1CCCA6BD08BD}") = "Project 1", "Project 1.njsproj", "{D17E1D9E-E7C0-4577-9BB5-445F40D4A2C0}"
EndProject
Global
	GlobalSection(SolutionConfigurationPlatforms) = preSolution
		Debug|Any CPU = Debug|Any CPU
		Release|Any CPU = Release|Any CPU
	EndGlobalSection
	GlobalSection(ProjectConfigurationPlatforms) = postSolution
		{D17E1D9E-E7C0-4577-9BB5-445F40D4A2C0}.Debug|Any CPU.ActiveCfg = Debug|Any CPU
		{D17E1D9E-E7C0-4577-9BB5-445F40D4A2C0}.Debug|Any CPU.Build.0 = Debug|Any CPU
		{D17E1D9E-E7C0-4577-9BB5-445F40D4A2C0}.Release|Any CPU.ActiveCfg = Release|Any CPU
		{D17E1D9E-E7C0-4577-9BB5-445F40D4A2C0}.Release|Any CPU.Build.0 = Release|Any CPU
	EndGlobalSection
	GlobalSection(SolutionProperties) = preSolution
		HideSolutionNode = FALSE
	EndGlobalSection
	GlobalSection(ExtensibilityGlobals) = postSolution
		SolutionGuid = {DAFC41D4-6D50-42C2-BEF0-7A502F2ADDB7}
	EndGlobalSection
EndGlobal
